// !$*UTF8*$!
{
	archiveVersion = 1;
	classes = {
	};
	objectVersion = 77;
	objects = {

/* Begin PBXContainerItemProxy section */
		E10F52922CDFC3C70005656C /* PBXContainerItemProxy */ = {
			isa = PBXContainerItemProxy;
			containerPortal = E10F52732CDFC3C50005656C /* Project object */;
			proxyType = 1;
			remoteGlobalIDString = E10F527A2CDFC3C50005656C;
			remoteInfo = StoryboardXIBTutorial;
		};
		E10F529C2CDFC3C70005656C /* PBXContainerItemProxy */ = {
			isa = PBXContainerItemProxy;
			containerPortal = E10F52732CDFC3C50005656C /* Project object */;
			proxyType = 1;
			remoteGlobalIDString = E10F527A2CDFC3C50005656C;
			remoteInfo = StoryboardXIBTutorial;
		};
/* End PBXContainerItemProxy section */

/* Begin PBXFileReference section */
		E10F527B2CDFC3C50005656C /* StoryboardXIBTutorial.app */ = {isa = PBXFileReference; explicitFileType = wrapper.application; includeInIndex = 0; path = StoryboardXIBTutorial.app; sourceTree = BUILT_PRODUCTS_DIR; };
		E10F52912CDFC3C70005656C /* StoryboardXIBTutorialTests.xctest */ = {isa = PBXFileReference; explicitFileType = wrapper.cfbundle; includeInIndex = 0; path = StoryboardXIBTutorialTests.xctest; sourceTree = BUILT_PRODUCTS_DIR; };
		E10F529B2CDFC3C70005656C /* StoryboardXIBTutorialUITests.xctest */ = {isa = PBXFileReference; explicitFileType = wrapper.cfbundle; includeInIndex = 0; path = StoryboardXIBTutorialUITests.xctest; sourceTree = BUILT_PRODUCTS_DIR; };
/* End PBXFileReference section */

/* Begin PBXFileSystemSynchronizedBuildFileExceptionSet section */
		E10F52A32CDFC3C70005656C /* Exceptions for "StoryboardXIBTutorial" folder in "StoryboardXIBTutorial" target */ = {
			isa = PBXFileSystemSynchronizedBuildFileExceptionSet;
			membershipExceptions = (
				Info.plist,
			);
			target = E10F527A2CDFC3C50005656C /* StoryboardXIBTutorial */;
		};
/* End PBXFileSystemSynchronizedBuildFileExceptionSet section */

/* Begin PBXFileSystemSynchronizedRootGroup section */
		E10F527D2CDFC3C50005656C /* StoryboardXIBTutorial */ = {
			isa = PBXFileSystemSynchronizedRootGroup;
			exceptions = (
				E10F52A32CDFC3C70005656C /* Exceptions for "StoryboardXIBTutorial" folder in "StoryboardXIBTutorial" target */,
			);
			path = StoryboardXIBTutorial;
			sourceTree = "<group>";
		};
		E10F52942CDFC3C70005656C /* StoryboardXIBTutorialTests */ = {
			isa = PBXFileSystemSynchronizedRootGroup;
			path = StoryboardXIBTutorialTests;
			sourceTree = "<group>";
		};
		E10F529E2CDFC3C70005656C /* StoryboardXIBTutorialUITests */ = {
			isa = PBXFileSystemSynchronizedRootGroup;
			path = StoryboardXIBTutorialUITests;
			sourceTree = "<group>";
		};
/* End PBXFileSystemSynchronizedRootGroup section */

/* Begin PBXFrameworksBuildPhase section */
		E10F52782CDFC3C50005656C /* Frameworks */ = {
			isa = PBXFrameworksBuildPhase;
			buildActionMask = 2147483647;
			files = (
			);
			runOnlyForDeploymentPostprocessing = 0;
		};
		E10F528E2CDFC3C70005656C /* Frameworks */ = {
			isa = PBXFrameworksBuildPhase;
			buildActionMask = 2147483647;
			files = (
			);
			runOnlyForDeploymentPostprocessing = 0;
		};
		E10F52982CDFC3C70005656C /* Frameworks */ = {
			isa = PBXFrameworksBuildPhase;
			buildActionMask = 2147483647;
			files = (
			);
			runOnlyForDeploymentPostprocessing = 0;
		};
/* End PBXFrameworksBuildPhase section */

/* Begin PBXGroup section */
		E10F52722CDFC3C50005656C = {
			isa = PBXGroup;
			children = (
				E10F527D2CDFC3C50005656C /* StoryboardXIBTutorial */,
				E10F52942CDFC3C70005656C /* StoryboardXIBTutorialTests */,
				E10F529E2CDFC3C70005656C /* StoryboardXIBTutorialUITests */,
				E10F527C2CDFC3C50005656C /* Products */,
			);
			sourceTree = "<group>";
		};
		E10F527C2CDFC3C50005656C /* Products */ = {
			isa = PBXGroup;
			children = (
				E10F527B2CDFC3C50005656C /* StoryboardXIBTutorial.app */,
				E10F52912CDFC3C70005656C /* StoryboardXIBTutorialTests.xctest */,
				E10F529B2CDFC3C70005656C /* StoryboardXIBTutorialUITests.xctest */,
			);
			name = Products;
			sourceTree = "<group>";
		};
/* End PBXGroup section */

/* Begin PBXNativeTarget section */
		E10F527A2CDFC3C50005656C /* StoryboardXIBTutorial */ = {
			isa = PBXNativeTarget;
			buildConfigurationList = E10F52A42CDFC3C70005656C /* Build configuration list for PBXNativeTarget "StoryboardXIBTutorial" */;
			buildPhases = (
				E10F52772CDFC3C50005656C /* Sources */,
				E10F52782CDFC3C50005656C /* Frameworks */,
				E10F52792CDFC3C50005656C /* Resources */,
			);
			buildRules = (
			);
			dependencies = (
			);
			fileSystemSynchronizedGroups = (
				E10F527D2CDFC3C50005656C /* StoryboardXIBTutorial */,
			);
			name = StoryboardXIBTutorial;
			packageProductDependencies = (
			);
			productName = StoryboardXIBTutorial;
			productReference = E10F527B2CDFC3C50005656C /* StoryboardXIBTutorial.app */;
			productType = "com.apple.product-type.application";
		};
		E10F52902CDFC3C70005656C /* StoryboardXIBTutorialTests */ = {
			isa = PBXNativeTarget;
			buildConfigurationList = E10F52A92CDFC3C70005656C /* Build configuration list for PBXNativeTarget "StoryboardXIBTutorialTests" */;
			buildPhases = (
				E10F528D2CDFC3C70005656C /* Sources */,
				E10F528E2CDFC3C70005656C /* Frameworks */,
				E10F528F2CDFC3C70005656C /* Resources */,
			);
			buildRules = (
			);
			dependencies = (
				E10F52932CDFC3C70005656C /* PBXTargetDependency */,
			);
			fileSystemSynchronizedGroups = (
				E10F52942CDFC3C70005656C /* StoryboardXIBTutorialTests */,
			);
			name = StoryboardXIBTutorialTests;
			packageProductDependencies = (
			);
			productName = StoryboardXIBTutorialTests;
			productReference = E10F52912CDFC3C70005656C /* StoryboardXIBTutorialTests.xctest */;
			productType = "com.apple.product-type.bundle.unit-test";
		};
		E10F529A2CDFC3C70005656C /* StoryboardXIBTutorialUITests */ = {
			isa = PBXNativeTarget;
			buildConfigurationList = E10F52AC2CDFC3C70005656C /* Build configuration list for PBXNativeTarget "StoryboardXIBTutorialUITests" */;
			buildPhases = (
				E10F52972CDFC3C70005656C /* Sources */,
				E10F52982CDFC3C70005656C /* Frameworks */,
				E10F52992CDFC3C70005656C /* Resources */,
			);
			buildRules = (
			);
			dependencies = (
				E10F529D2CDFC3C70005656C /* PBXTargetDependency */,
			);
			fileSystemSynchronizedGroups = (
				E10F529E2CDFC3C70005656C /* StoryboardXIBTutorialUITests */,
			);
			name = StoryboardXIBTutorialUITests;
			packageProductDependencies = (
			);
			productName = StoryboardXIBTutorialUITests;
			productReference = E10F529B2CDFC3C70005656C /* StoryboardXIBTutorialUITests.xctest */;
			productType = "com.apple.product-type.bundle.ui-testing";
		};
/* End PBXNativeTarget section */

/* Begin PBXProject section */
		E10F52732CDFC3C50005656C /* Project object */ = {
			isa = PBXProject;
			attributes = {
				BuildIndependentTargetsInParallel = 1;
				LastSwiftUpdateCheck = 1610;
				LastUpgradeCheck = 1610;
				TargetAttributes = {
					E10F527A2CDFC3C50005656C = {
						CreatedOnToolsVersion = 16.1;
					};
					E10F52902CDFC3C70005656C = {
						CreatedOnToolsVersion = 16.1;
						TestTargetID = E10F527A2CDFC3C50005656C;
					};
					E10F529A2CDFC3C70005656C = {
						CreatedOnToolsVersion = 16.1;
						TestTargetID = E10F527A2CDFC3C50005656C;
					};
				};
			};
			buildConfigurationList = E10F52762CDFC3C50005656C /* Build configuration list for PBXProject "StoryboardXIBTutorial" */;
			developmentRegion = en;
			hasScannedForEncodings = 0;
			knownRegions = (
				en,
				Base,
			);
			mainGroup = E10F52722CDFC3C50005656C;
			minimizedProjectReferenceProxies = 1;
			preferredProjectObjectVersion = 77;
			productRefGroup = E10F527C2CDFC3C50005656C /* Products */;
			projectDirPath = "";
			projectRoot = "";
			targets = (
				E10F527A2CDFC3C50005656C /* StoryboardXIBTutorial */,
				E10F52902CDFC3C70005656C /* StoryboardXIBTutorialTests */,
				E10F529A2CDFC3C70005656C /* StoryboardXIBTutorialUITests */,
			);
		};
/* End PBXProject section */

/* Begin PBXResourcesBuildPhase section */
		E10F52792CDFC3C50005656C /* Resources */ = {
			isa = PBXResourcesBuildPhase;
			buildActionMask = 2147483647;
			files = (
			);
			runOnlyForDeploymentPostprocessing = 0;
		};
		E10F528F2CDFC3C70005656C /* Resources */ = {
			isa = PBXResourcesBuildPhase;
			buildActionMask = 2147483647;
			files = (
			);
			runOnlyForDeploymentPostprocessing = 0;
		};
		E10F52992CDFC3C70005656C /* Resources */ = {
			isa = PBXResourcesBuildPhase;
			buildActionMask = 2147483647;
			files = (
			);
			runOnlyForDeploymentPostprocessing = 0;
		};
/* End PBXResourcesBuildPhase section */

/* Begin PBXSourcesBuildPhase section */
		E10F52772CDFC3C50005656C /* Sources */ = {
			isa = PBXSourcesBuildPhase;
			buildActionMask = 2147483647;
			files = (
			);
			runOnlyForDeploymentPostprocessing = 0;
		};
		E10F528D2CDFC3C70005656C /* Sources */ = {
			isa = PBXSourcesBuildPhase;
			buildActionMask = 2147483647;
			files = (
			);
			runOnlyForDeploymentPostprocessing = 0;
		};
		E10F52972CDFC3C70005656C /* Sources */ = {
			isa = PBXSourcesBuildPhase;
			buildActionMask = 2147483647;
			files = (
			);
			runOnlyForDeploymentPostprocessing = 0;
		};
/* End PBXSourcesBuildPhase section */

/* Begin PBXTargetDependency section */
		E10F52932CDFC3C70005656C /* PBXTargetDependency */ = {
			isa = PBXTargetDependency;
			target = E10F527A2CDFC3C50005656C /* StoryboardXIBTutorial */;
			targetProxy = E10F52922CDFC3C70005656C /* PBXContainerItemProxy */;
		};
		E10F529D2CDFC3C70005656C /* PBXTargetDependency */ = {
			isa = PBXTargetDependency;
			target = E10F527A2CDFC3C50005656C /* StoryboardXIBTutorial */;
			targetProxy = E10F529C2CDFC3C70005656C /* PBXContainerItemProxy */;
		};
/* End PBXTargetDependency section */

/* Begin XCBuildConfiguration section */
		E10F52A52CDFC3C70005656C /* Debug */ = {
			isa = XCBuildConfiguration;
			buildSettings = {
				ASSETCATALOG_COMPILER_APPICON_NAME = AppIcon;
				ASSETCATALOG_COMPILER_GLOBAL_ACCENT_COLOR_NAME = AccentColor;
				CODE_SIGN_STYLE = Automatic;
				CURRENT_PROJECT_VERSION = 1;
				DEVELOPMENT_TEAM = A5LXCCW6FT;
				GENERATE_INFOPLIST_FILE = YES;
				INFOPLIST_FILE = StoryboardXIBTutorial/Info.plist;
				INFOPLIST_KEY_UIApplicationSupportsIndirectInputEvents = YES;
				INFOPLIST_KEY_UILaunchStoryboardName = LaunchScreen;
				INFOPLIST_KEY_UIMainStoryboardFile = Main;
				INFOPLIST_KEY_UISupportedInterfaceOrientations_iPad = "UIInterfaceOrientationPortrait UIInterfaceOrientationPortraitUpsideDown UIInterfaceOrientationLandscapeLeft UIInterfaceOrientationLandscapeRight";
				INFOPLIST_KEY_UISupportedInterfaceOrientations_iPhone = "UIInterfaceOrientationPortrait UIInterfaceOrientationLandscapeLeft UIInterfaceOrientationLandscapeRight";
				LD_RUNPATH_SEARCH_PATHS = (
					"$(inherited)",
					"@executable_path/Frameworks",
				);
				MARKETING_VERSION = 1.0;
				PRODUCT_BUNDLE_IDENTIFIER = com.luisgenesius.StoryboardXIBTutorial;
				PRODUCT_NAME = "$(TARGET_NAME)";
				SWIFT_EMIT_LOC_STRINGS = YES;
				SWIFT_VERSION = 5.0;
				TARGETED_DEVICE_FAMILY = "1,2";
			};
			name = Debug;
		};
		E10F52A62CDFC3C70005656C /* Release */ = {
			isa = XCBuildConfiguration;
			buildSettings = {
				ASSETCATALOG_COMPILER_APPICON_NAME = AppIcon;
				ASSETCATALOG_COMPILER_GLOBAL_ACCENT_COLOR_NAME = AccentColor;
				CODE_SIGN_STYLE = Automatic;
				CURRENT_PROJECT_VERSION = 1;
				DEVELOPMENT_TEAM = A5LXCCW6FT;
				GENERATE_INFOPLIST_FILE = YES;
				INFOPLIST_FILE = StoryboardXIBTutorial/Info.plist;
				INFOPLIST_KEY_UIApplicationSupportsIndirectInputEvents = YES;
				INFOPLIST_KEY_UILaunchStoryboardName = LaunchScreen;
				INFOPLIST_KEY_UIMainStoryboardFile = Main;
				INFOPLIST_KEY_UISupportedInterfaceOrientations_iPad = "UIInterfaceOrientationPortrait UIInterfaceOrientationPortraitUpsideDown UIInterfaceOrientationLandscapeLeft UIInterfaceOrientationLandscapeRight";
				INFOPLIST_KEY_UISupportedInterfaceOrientations_iPhone = "UIInterfaceOrientationPortrait UIInterfaceOrientationLandscapeLeft UIInterfaceOrientationLandscapeRight";
				LD_RUNPATH_SEARCH_PATHS = (
					"$(inherited)",
					"@executable_path/Frameworks",
				);
				MARKETING_VERSION = 1.0;
				PRODUCT_BUNDLE_IDENTIFIER = com.luisgenesius.StoryboardXIBTutorial;
				PRODUCT_NAME = "$(TARGET_NAME)";
				SWIFT_EMIT_LOC_STRINGS = YES;
				SWIFT_VERSION = 5.0;
				TARGETED_DEVICE_FAMILY = "1,2";
			};
			name = Release;
		};
		E10F52A72CDFC3C70005656C /* Debug */ = {
			isa = XCBuildConfiguration;
			buildSettings = {
				ALWAYS_SEARCH_USER_PATHS = NO;
				ASSETCATALOG_COMPILER_GENERATE_SWIFT_ASSET_SYMBOL_EXTENSIONS = YES;
				CLANG_ANALYZER_NONNULL = YES;
				CLANG_ANALYZER_NUMBER_OBJECT_CONVERSION = YES_AGGRESSIVE;
				CLANG_CXX_LANGUAGE_STANDARD = "gnu++20";
				CLANG_ENABLE_MODULES = YES;
				CLANG_ENABLE_OBJC_ARC = YES;
				CLANG_ENABLE_OBJC_WEAK = YES;
				CLANG_WARN_BLOCK_CAPTURE_AUTORELEASING = YES;
				CLANG_WARN_BOOL_CONVERSION = YES;
				CLANG_WARN_COMMA = YES;
				CLANG_WARN_CONSTANT_CONVERSION = YES;
				CLANG_WARN_DEPRECATED_OBJC_IMPLEMENTATIONS = YES;
				CLANG_WARN_DIRECT_OBJC_ISA_USAGE = YES_ERROR;
				CLANG_WARN_DOCUMENTATION_COMMENTS = YES;
				CLANG_WARN_EMPTY_BODY = YES;
				CLANG_WARN_ENUM_CONVERSION = YES;
				CLANG_WARN_INFINITE_RECURSION = YES;
				CLANG_WARN_INT_CONVERSION = YES;
				CLANG_WARN_NON_LITERAL_NULL_CONVERSION = YES;
				CLANG_WARN_OBJC_IMPLICIT_RETAIN_SELF = YES;
				CLANG_WARN_OBJC_LITERAL_CONVERSION = YES;
				CLANG_WARN_OBJC_ROOT_CLASS = YES_ERROR;
				CLANG_WARN_QUOTED_INCLUDE_IN_FRAMEWORK_HEADER = YES;
				CLANG_WARN_RANGE_LOOP_ANALYSIS = YES;
				CLANG_WARN_STRICT_PROTOTYPES = YES;
				CLANG_WARN_SUSPICIOUS_MOVE = YES;
				CLANG_WARN_UNGUARDED_AVAILABILITY = YES_AGGRESSIVE;
				CLANG_WARN_UNREACHABLE_CODE = YES;
				CLANG_WARN__DUPLICATE_METHOD_MATCH = YES;
				COPY_PHASE_STRIP = NO;
				DEBUG_INFORMATION_FORMAT = dwarf;
				ENABLE_STRICT_OBJC_MSGSEND = YES;
				ENABLE_TESTABILITY = YES;
				ENABLE_USER_SCRIPT_SANDBOXING = YES;
				GCC_C_LANGUAGE_STANDARD = gnu17;
				GCC_DYNAMIC_NO_PIC = NO;
				GCC_NO_COMMON_BLOCKS = YES;
				GCC_OPTIMIZATION_LEVEL = 0;
				GCC_PREPROCESSOR_DEFINITIONS = (
					"DEBUG=1",
					"$(inherited)",
				);
				GCC_WARN_64_TO_32_BIT_CONVERSION = YES;
				GCC_WARN_ABOUT_RETURN_TYPE = YES_ERROR;
				GCC_WARN_UNDECLARED_SELECTOR = YES;
				GCC_WARN_UNINITIALIZED_AUTOS = YES_AGGRESSIVE;
				GCC_WARN_UNUSED_FUNCTION = YES;
				GCC_WARN_UNUSED_VARIABLE = YES;
				IPHONEOS_DEPLOYMENT_TARGET = 18.1;
				LOCALIZATION_PREFERS_STRING_CATALOGS = YES;
				MTL_ENABLE_DEBUG_INFO = INCLUDE_SOURCE;
				MTL_FAST_MATH = YES;
				ONLY_ACTIVE_ARCH = YES;
				SDKROOT = iphoneos;
				SWIFT_ACTIVE_COMPILATION_CONDITIONS = "DEBUG $(inherited)";
				SWIFT_OPTIMIZATION_LEVEL = "-Onone";
			};
			name = Debug;
		};
		E10F52A82CDFC3C70005656C /* Release */ = {
			isa = XCBuildConfiguration;
			buildSettings = {
				ALWAYS_SEARCH_USER_PATHS = NO;
				ASSETCATALOG_COMPILER_GENERATE_SWIFT_ASSET_SYMBOL_EXTENSIONS = YES;
				CLANG_ANALYZER_NONNULL = YES;
				CLANG_ANALYZER_NUMBER_OBJECT_CONVERSION = YES_AGGRESSIVE;
				CLANG_CXX_LANGUAGE_STANDARD = "gnu++20";
				CLANG_ENABLE_MODULES = YES;
				CLANG_ENABLE_OBJC_ARC = YES;
				CLANG_ENABLE_OBJC_WEAK = YES;
				CLANG_WARN_BLOCK_CAPTURE_AUTORELEASING = YES;
				CLANG_WARN_BOOL_CONVERSION = YES;
				CLANG_WARN_COMMA = YES;
				CLANG_WARN_CONSTANT_CONVERSION = YES;
				CLANG_WARN_DEPRECATED_OBJC_IMPLEMENTATIONS = YES;
				CLANG_WARN_DIRECT_OBJC_ISA_USAGE = YES_ERROR;
				CLANG_WARN_DOCUMENTATION_COMMENTS = YES;
				CLANG_WARN_EMPTY_BODY = YES;
				CLANG_WARN_ENUM_CONVERSION = YES;
				CLANG_WARN_INFINITE_RECURSION = YES;
				CLANG_WARN_INT_CONVERSION = YES;
				CLANG_WARN_NON_LITERAL_NULL_CONVERSION = YES;
				CLANG_WARN_OBJC_IMPLICIT_RETAIN_SELF = YES;
				CLANG_WARN_OBJC_LITERAL_CONVERSION = YES;
				CLANG_WARN_OBJC_ROOT_CLASS = YES_ERROR;
				CLANG_WARN_QUOTED_INCLUDE_IN_FRAMEWORK_HEADER = YES;
				CLANG_WARN_RANGE_LOOP_ANALYSIS = YES;
				CLANG_WARN_STRICT_PROTOTYPES = YES;
				CLANG_WARN_SUSPICIOUS_MOVE = YES;
				CLANG_WARN_UNGUARDED_AVAILABILITY = YES_AGGRESSIVE;
				CLANG_WARN_UNREACHABLE_CODE = YES;
				CLANG_WARN__DUPLICATE_METHOD_MATCH = YES;
				COPY_PHASE_STRIP = NO;
				DEBUG_INFORMATION_FORMAT = "dwarf-with-dsym";
				ENABLE_NS_ASSERTIONS = NO;
				ENABLE_STRICT_OBJC_MSGSEND = YES;
				ENABLE_USER_SCRIPT_SANDBOXING = YES;
				GCC_C_LANGUAGE_STANDARD = gnu17;
				GCC_NO_COMMON_BLOCKS = YES;
				GCC_WARN_64_TO_32_BIT_CONVERSION = YES;
				GCC_WARN_ABOUT_RETURN_TYPE = YES_ERROR;
				GCC_WARN_UNDECLARED_SELECTOR = YES;
				GCC_WARN_UNINITIALIZED_AUTOS = YES_AGGRESSIVE;
				GCC_WARN_UNUSED_FUNCTION = YES;
				GCC_WARN_UNUSED_VARIABLE = YES;
				IPHONEOS_DEPLOYMENT_TARGET = 18.1;
				LOCALIZATION_PREFERS_STRING_CATALOGS = YES;
				MTL_ENABLE_DEBUG_INFO = NO;
				MTL_FAST_MATH = YES;
				SDKROOT = iphoneos;
				SWIFT_COMPILATION_MODE = wholemodule;
				VALIDATE_PRODUCT = YES;
			};
			name = Release;
		};
		E10F52AA2CDFC3C70005656C /* Debug */ = {
			isa = XCBuildConfiguration;
			buildSettings = {
				BUNDLE_LOADER = "$(TEST_HOST)";
				CODE_SIGN_STYLE = Automatic;
				CURRENT_PROJECT_VERSION = 1;
				DEVELOPMENT_TEAM = A5LXCCW6FT;
				GENERATE_INFOPLIST_FILE = YES;
				IPHONEOS_DEPLOYMENT_TARGET = 18.1;
				MARKETING_VERSION = 1.0;
				PRODUCT_BUNDLE_IDENTIFIER = com.luisgenesius.StoryboardXIBTutorialTests;
				PRODUCT_NAME = "$(TARGET_NAME)";
				SWIFT_EMIT_LOC_STRINGS = NO;
				SWIFT_VERSION = 5.0;
				TARGETED_DEVICE_FAMILY = "1,2";
				TEST_HOST = "$(BUILT_PRODUCTS_DIR)/StoryboardXIBTutorial.app/$(BUNDLE_EXECUTABLE_FOLDER_PATH)/StoryboardXIBTutorial";
			};
			name = Debug;
		};
		E10F52AB2CDFC3C70005656C /* Release */ = {
			isa = XCBuildConfiguration;
			buildSettings = {
				BUNDLE_LOADER = "$(TEST_HOST)";
				CODE_SIGN_STYLE = Automatic;
				CURRENT_PROJECT_VERSION = 1;
				DEVELOPMENT_TEAM = A5LXCCW6FT;
				GENERATE_INFOPLIST_FILE = YES;
				IPHONEOS_DEPLOYMENT_TARGET = 18.1;
				MARKETING_VERSION = 1.0;
				PRODUCT_BUNDLE_IDENTIFIER = com.luisgenesius.StoryboardXIBTutorialTests;
				PRODUCT_NAME = "$(TARGET_NAME)";
				SWIFT_EMIT_LOC_STRINGS = NO;
				SWIFT_VERSION = 5.0;
				TARGETED_DEVICE_FAMILY = "1,2";
				TEST_HOST = "$(BUILT_PRODUCTS_DIR)/StoryboardXIBTutorial.app/$(BUNDLE_EXECUTABLE_FOLDER_PATH)/StoryboardXIBTutorial";
			};
			name = Release;
		};
		E10F52AD2CDFC3C70005656C /* Debug */ = {
			isa = XCBuildConfiguration;
			buildSettings = {
				CODE_SIGN_STYLE = Automatic;
				CURRENT_PROJECT_VERSION = 1;
				DEVELOPMENT_TEAM = A5LXCCW6FT;
				GENERATE_INFOPLIST_FILE = YES;
				MARKETING_VERSION = 1.0;
				PRODUCT_BUNDLE_IDENTIFIER = com.luisgenesius.StoryboardXIBTutorialUITests;
				PRODUCT_NAME = "$(TARGET_NAME)";
				SWIFT_EMIT_LOC_STRINGS = NO;
				SWIFT_VERSION = 5.0;
				TARGETED_DEVICE_FAMILY = "1,2";
				TEST_TARGET_NAME = StoryboardXIBTutorial;
			};
			name = Debug;
		};
		E10F52AE2CDFC3C70005656C /* Release */ = {
			isa = XCBuildConfiguration;
			buildSettings = {
				CODE_SIGN_STYLE = Automatic;
				CURRENT_PROJECT_VERSION = 1;
				DEVELOPMENT_TEAM = A5LXCCW6FT;
				GENERATE_INFOPLIST_FILE = YES;
				MARKETING_VERSION = 1.0;
				PRODUCT_BUNDLE_IDENTIFIER = com.luisgenesius.StoryboardXIBTutorialUITests;
				PRODUCT_NAME = "$(TARGET_NAME)";
				SWIFT_EMIT_LOC_STRINGS = NO;
				SWIFT_VERSION = 5.0;
				TARGETED_DEVICE_FAMILY = "1,2";
				TEST_TARGET_NAME = StoryboardXIBTutorial;
			};
			name = Release;
		};
/* End XCBuildConfiguration section */

/* Begin XCConfigurationList section */
		E10F52762CDFC3C50005656C /* Build configuration list for PBXProject "StoryboardXIBTutorial" */ = {
			isa = XCConfigurationList;
			buildConfigurations = (
				E10F52A72CDFC3C70005656C /* Debug */,
				E10F52A82CDFC3C70005656C /* Release */,
			);
			defaultConfigurationIsVisible = 0;
			defaultConfigurationName = Release;
		};
		E10F52A42CDFC3C70005656C /* Build configuration list for PBXNativeTarget "StoryboardXIBTutorial" */ = {
			isa = XCConfigurationList;
			buildConfigurations = (
				E10F52A52CDFC3C70005656C /* Debug */,
				E10F52A62CDFC3C70005656C /* Release */,
			);
			defaultConfigurationIsVisible = 0;
			defaultConfigurationName = Release;
		};
		E10F52A92CDFC3C70005656C /* Build configuration list for PBXNativeTarget "StoryboardXIBTutorialTests" */ = {
			isa = XCConfigurationList;
			buildConfigurations = (
				E10F52AA2CDFC3C70005656C /* Debug */,
				E10F52AB2CDFC3C70005656C /* Release */,
			);
			defaultConfigurationIsVisible = 0;
			defaultConfigurationName = Release;
		};
		E10F52AC2CDFC3C70005656C /* Build configuration list for PBXNativeTarget "StoryboardXIBTutorialUITests" */ = {
			isa = XCConfigurationList;
			buildConfigurations = (
				E10F52AD2CDFC3C70005656C /* Debug */,
				E10F52AE2CDFC3C70005656C /* Release */,
			);
			defaultConfigurationIsVisible = 0;
			defaultConfigurationName = Release;
		};
/* End XCConfigurationList section */
	};
	rootObject = E10F52732CDFC3C50005656C /* Project object */;
}
